
Microsoft Visual Studio Solution File, Format Version 11.00
# Visual Studio 2010
Project("{8BC9CEB8-8B4A-11D0-8D11-00A0C91BC942}") = "Vlfeat-OpenCV-Test", "Vlfeat-OpenCV-Test\Vlfeat-OpenCV-Test.vcxproj", "{FC4FCA58-7108-4C9F-B2FD-6E50D086F122}"
EndProject
Global
	GlobalSection(SolutionConfigurationPlatforms) = preSolution
		Debug|Win32 = Debug|Win32
		Release|Win32 = Release|Win32
	EndGlobalSection
	GlobalSection(ProjectConfigurationPlatforms) = postSolution
		{FC4FCA58-7108-4C9F-B2FD-6E50D086F122}.Debug|Win32.ActiveCfg = Debug|Win32
		{FC4FCA58-7108-4C9F-B2FD-6E50D086F122}.Debug|Win32.Build.0 = Debug|Win32
		{FC4FCA58-7108-4C9F-B2FD-6E50D086F122}.Release|Win32.ActiveCfg = Release|Win32
		{FC4FCA58-7108-4C9F-B2FD-6E50D086F122}.Release|Win32.Build.0 = Release|Win32
	EndGlobalSection
	GlobalSection(SolutionProperties) = preSolution
		HideSolutionNode = FALSE
	EndGlobalSection
EndGlobal
